
Microsoft Visual Studio Solution File, Format Version 12.00
# Visual Studio Version 16
VisualStudioVersion = 16.0.31019.35
MinimumVisualStudioVersion = 10.0.40219.1
Project("{FAE04EC0-301F-11D3-BF4B-00C04F79EFBC}") = "Avionics", "Avionics.csproj", "{2E74CC99-BAAB-480B-BAB3-43723EAC1C30}"
EndProject
Global
	GlobalSection(SolutionConfigurationPlatforms) = preSolution
		Debug|Any CPU = Debug|Any CPU
		Release|Any CPU = Release|Any CPU
	EndGlobalSection
	GlobalSection(ProjectConfigurationPlatforms) = postSolution
		{2E74CC99-BAAB-480B-BAB3-43723EAC1C30}.Debug|Any CPU.ActiveCfg = Debug|Any CPU
		{2E74CC99-BAAB-480B-BAB3-43723EAC1C30}.Debug|Any CPU.Build.0 = Debug|Any CPU
		{2E74CC99-BAAB-480B-BAB3-43723EAC1C30}.Release|Any CPU.ActiveCfg = Release|Any CPU
		{2E74CC99-BAAB-480B-BAB3-43723EAC1C30}.Release|Any CPU.Build.0 = Release|Any CPU
	EndGlobalSection
	GlobalSection(SolutionProperties) = preSolution
		HideSolutionNode = FALSE
	EndGlobalSection
	GlobalSection(ExtensibilityGlobals) = postSolution
		SolutionGuid = {14F4286A-38F4-45A4-A775-7D79D4DE5567}
	EndGlobalSection
EndGlobal
